
Microsoft Visual Studio Solution File, Format Version 12.00
# Visual Studio 15
VisualStudioVersion = 15.0.28307.1300
MinimumVisualStudioVersion = 10.0.40219.1
Project("{FAE04EC0-301F-11D3-BF4B-00C04F79EFBC}") = "BatePapoCliente", "BatePapoCliente\BatePapoCliente.csproj", "{C793DA7F-09CB-43CB-B485-D9DE2CF65A3E}"
EndProject
Project("{FAE04EC0-301F-11D3-BF4B-00C04F79EFBC}") = "BatePapoServidor", "..\Solut_BatePapoServidor\BatePapoServidor\BatePapoServidor.csproj", "{E6B5D85B-F15F-4AD1-BCDF-6C1593FF92E0}"
EndProject
Global
	GlobalSection(SolutionConfigurationPlatforms) = preSolution
		Debug|x86 = Debug|x86
		Release|x86 = Release|x86
	EndGlobalSection
	GlobalSection(ProjectConfigurationPlatforms) = postSolution
		{C793DA7F-09CB-43CB-B485-D9DE2CF65A3E}.Debug|x86.ActiveCfg = Debug|x86
		{C793DA7F-09CB-43CB-B485-D9DE2CF65A3E}.Debug|x86.Build.0 = Debug|x86
		{C793DA7F-09CB-43CB-B485-D9DE2CF65A3E}.Release|x86.ActiveCfg = Release|x86
		{C793DA7F-09CB-43CB-B485-D9DE2CF65A3E}.Release|x86.Build.0 = Release|x86
		{E6B5D85B-F15F-4AD1-BCDF-6C1593FF92E0}.Debug|x86.ActiveCfg = Debug|x86
		{E6B5D85B-F15F-4AD1-BCDF-6C1593FF92E0}.Debug|x86.Build.0 = Debug|x86
		{E6B5D85B-F15F-4AD1-BCDF-6C1593FF92E0}.Release|x86.ActiveCfg = Release|x86
		{E6B5D85B-F15F-4AD1-BCDF-6C1593FF92E0}.Release|x86.Build.0 = Release|x86
	EndGlobalSection
	GlobalSection(SolutionProperties) = preSolution
		HideSolutionNode = FALSE
	EndGlobalSection
	GlobalSection(ExtensibilityGlobals) = postSolution
		SolutionGuid = {256FF4B0-02A7-4157-9172-A565BC8572EB}
	EndGlobalSection
EndGlobal
